
Microsoft Visual Studio Solution File, Format Version 12.00
# Visual Studio 2013
VisualStudioVersion = 12.0.30501.0
MinimumVisualStudioVersion = 10.0.40219.1
Project("{00D1A9C2-B5F0-4AF3-8072-F6C62B433612}") = "UAModelDatabase", "UAModelDatabase\UAModelDatabase.sqlproj", "{3DB0FC8C-8507-4D3F-A7FE-ECD9C5D460AB}"
EndProject
Project("{FAE04EC0-301F-11D3-BF4B-00C04F79EFBC}") = "SQLRepository", "SQLRepository\SQLRepository.csproj", "{43FDD51B-7EBD-4916-A641-D39AD7C9C008}"
EndProject
Global
	GlobalSection(SolutionConfigurationPlatforms) = preSolution
		Debug|Any CPU = Debug|Any CPU
		Release|Any CPU = Release|Any CPU
	EndGlobalSection
	GlobalSection(ProjectConfigurationPlatforms) = postSolution
		{3DB0FC8C-8507-4D3F-A7FE-ECD9C5D460AB}.Debug|Any CPU.ActiveCfg = Debug|Any CPU
		{3DB0FC8C-8507-4D3F-A7FE-ECD9C5D460AB}.Debug|Any CPU.Build.0 = Debug|Any CPU
		{3DB0FC8C-8507-4D3F-A7FE-ECD9C5D460AB}.Debug|Any CPU.Deploy.0 = Debug|Any CPU
		{3DB0FC8C-8507-4D3F-A7FE-ECD9C5D460AB}.Release|Any CPU.ActiveCfg = Release|Any CPU
		{3DB0FC8C-8507-4D3F-A7FE-ECD9C5D460AB}.Release|Any CPU.Build.0 = Release|Any CPU
		{3DB0FC8C-8507-4D3F-A7FE-ECD9C5D460AB}.Release|Any CPU.Deploy.0 = Release|Any CPU
		{43FDD51B-7EBD-4916-A641-D39AD7C9C008}.Debug|Any CPU.ActiveCfg = Debug|Any CPU
		{43FDD51B-7EBD-4916-A641-D39AD7C9C008}.Debug|Any CPU.Build.0 = Debug|Any CPU
		{43FDD51B-7EBD-4916-A641-D39AD7C9C008}.Release|Any CPU.ActiveCfg = Release|Any CPU
		{43FDD51B-7EBD-4916-A641-D39AD7C9C008}.Release|Any CPU.Build.0 = Release|Any CPU
	EndGlobalSection
	GlobalSection(SolutionProperties) = preSolution
		HideSolutionNode = FALSE
	EndGlobalSection
EndGlobal
